
Microsoft Visual Studio Solution File, Format Version 12.00
# Visual Studio 14
VisualStudioVersion = 14.0.25420.1
MinimumVisualStudioVersion = 10.0.40219.1
Project("{E24C65DC-7377-472B-9ABA-BC803B73C61A}") = "gitHub", "I:\TamaraSoindaPutri_3TIB\gitHub\", "{4ADE50FD-B97C-47EC-9020-A59172C297E5}"
	ProjectSection(WebsiteProperties) = preProject
		TargetFrameworkMoniker = ".NETFramework,Version%3Dv4.5.2"
		Debug.AspNetCompiler.VirtualPath = "/localhost_51898"
		Debug.AspNetCompiler.PhysicalPath = "I:\TamaraSoindaPutri_3TIB\gitHub\"
		Debug.AspNetCompiler.TargetPath = "PrecompiledWeb\localhost_51898\"
		Debug.AspNetCompiler.Updateable = "true"
		Debug.AspNetCompiler.ForceOverwrite = "true"
		Debug.AspNetCompiler.FixedNames = "false"
		Debug.AspNetCompiler.Debug = "True"
		Release.AspNetCompiler.VirtualPath = "/localhost_51898"
		Release.AspNetCompiler.PhysicalPath = "I:\TamaraSoindaPutri_3TIB\gitHub\"
		Release.AspNetCompiler.TargetPath = "PrecompiledWeb\localhost_51898\"
		Release.AspNetCompiler.Updateable = "true"
		Release.AspNetCompiler.ForceOverwrite = "true"
		Release.AspNetCompiler.FixedNames = "false"
		Release.AspNetCompiler.Debug = "False"
		VWDPort = "51898"
		SlnRelativePath = "I:\TamaraSoindaPutri_3TIB\gitHub\"
		DefaultWebSiteLanguage = "Visual Basic"
	EndProjectSection
EndProject
Global
	GlobalSection(SolutionConfigurationPlatforms) = preSolution
		Debug|Any CPU = Debug|Any CPU
	EndGlobalSection
	GlobalSection(ProjectConfigurationPlatforms) = postSolution
		{4ADE50FD-B97C-47EC-9020-A59172C297E5}.Debug|Any CPU.ActiveCfg = Debug|Any CPU
		{4ADE50FD-B97C-47EC-9020-A59172C297E5}.Debug|Any CPU.Build.0 = Debug|Any CPU
	EndGlobalSection
	GlobalSection(SolutionProperties) = preSolution
		HideSolutionNode = FALSE
	EndGlobalSection
EndGlobal
